// !$*UTF8*$!
{
	archiveVersion = 1;
	classes = {
	};
	objectVersion = 46;
	objects = {

/* Begin PBXBuildFile section */
		D794ACB71EFC0FA7007CCAA7 /* ChatViewController.swift in Sources */ = {isa = PBXBuildFile; fileRef = D794ACB61EFC0FA7007CCAA7 /* ChatViewController.swift */; };
		D7CC5EC81EFBCF7C0082CF37 /* AppDelegate.swift in Sources */ = {isa = PBXBuildFile; fileRef = D7CC5EC71EFBCF7C0082CF37 /* AppDelegate.swift */; };
		D7CC5ECA1EFBCF7C0082CF37 /* ViewController.swift in Sources */ = {isa = PBXBuildFile; fileRef = D7CC5EC91EFBCF7C0082CF37 /* ViewController.swift */; };
		D7CC5ECD1EFBCF7C0082CF37 /* Main.storyboard in Resources */ = {isa = PBXBuildFile; fileRef = D7CC5ECB1EFBCF7C0082CF37 /* Main.storyboard */; };
		D7CC5ECF1EFBCF7C0082CF37 /* Assets.xcassets in Resources */ = {isa = PBXBuildFile; fileRef = D7CC5ECE1EFBCF7C0082CF37 /* Assets.xcassets */; };
		D7CC5ED21EFBCF7C0082CF37 /* LaunchScreen.storyboard in Resources */ = {isa = PBXBuildFile; fileRef = D7CC5ED01EFBCF7C0082CF37 /* LaunchScreen.storyboard */; };
		F1FE163DD14751616B0C0DCC /* Pods_d07.framework in Frameworks */ = {isa = PBXBuildFile; fileRef = 288891E85BD702DA3A290A1E /* Pods_d07.framework */; };
/* End PBXBuildFile section */

/* Begin PBXFileReference section */
		288891E85BD702DA3A290A1E /* Pods_d07.framework */ = {isa = PBXFileReference; explicitFileType = wrapper.framework; includeInIndex = 0; path = Pods_d07.framework; sourceTree = BUILT_PRODUCTS_DIR; };
		3D436CF6F6A66E4E3A780E4D /* Pods-d07.release.xcconfig */ = {isa = PBXFileReference; includeInIndex = 1; lastKnownFileType = text.xcconfig; name = "Pods-d07.release.xcconfig"; path = "Pods/Target Support Files/Pods-d07/Pods-d07.release.xcconfig"; sourceTree = "<group>"; };
		5BB87C8CE12620CB163DB1CE /* Pods-d07.debug.xcconfig */ = {isa = PBXFileReference; includeInIndex = 1; lastKnownFileType = text.xcconfig; name = "Pods-d07.debug.xcconfig"; path = "Pods/Target Support Files/Pods-d07/Pods-d07.debug.xcconfig"; sourceTree = "<group>"; };
		D794ACB61EFC0FA7007CCAA7 /* ChatViewController.swift */ = {isa = PBXFileReference; fileEncoding = 4; lastKnownFileType = sourcecode.swift; path = ChatViewController.swift; sourceTree = "<group>"; };
		D7CC5EC41EFBCF7C0082CF37 /* d07.app */ = {isa = PBXFileReference; explicitFileType = wrapper.application; includeInIndex = 0; path = d07.app; sourceTree = BUILT_PRODUCTS_DIR; };
		D7CC5EC71EFBCF7C0082CF37 /* AppDelegate.swift */ = {isa = PBXFileReference; lastKnownFileType = sourcecode.swift; path = AppDelegate.swift; sourceTree = "<group>"; };
		D7CC5EC91EFBCF7C0082CF37 /* ViewController.swift */ = {isa = PBXFileReference; lastKnownFileType = sourcecode.swift; path = ViewController.swift; sourceTree = "<group>"; };
		D7CC5ECC1EFBCF7C0082CF37 /* Base */ = {isa = PBXFileReference; lastKnownFileType = file.storyboard; name = Base; path = Base.lproj/Main.storyboard; sourceTree = "<group>"; };
		D7CC5ECE1EFBCF7C0082CF37 /* Assets.xcassets */ = {isa = PBXFileReference; lastKnownFileType = folder.assetcatalog; path = Assets.xcassets; sourceTree = "<group>"; };
		D7CC5ED11EFBCF7C0082CF37 /* Base */ = {isa = PBXFileReference; lastKnownFileType = file.storyboard; name = Base; path = Base.lproj/LaunchScreen.storyboard; sourceTree = "<group>"; };
		D7CC5ED31EFBCF7C0082CF37 /* Info.plist */ = {isa = PBXFileReference; lastKnownFileType = text.plist.xml; path = Info.plist; sourceTree = "<group>"; };
/* End PBXFileReference section */

/* Begin PBXFrameworksBuildPhase section */
		D7CC5EC11EFBCF7C0082CF37 /* Frameworks */ = {
			isa = PBXFrameworksBuildPhase;
			buildActionMask = 2147483647;
			files = (
				F1FE163DD14751616B0C0DCC /* Pods_d07.framework in Frameworks */,
			);
			runOnlyForDeploymentPostprocessing = 0;
		};
/* End PBXFrameworksBuildPhase section */

/* Begin PBXGroup section */
		061BF69046C9C96F337E8312 /* Frameworks */ = {
			isa = PBXGroup;
			children = (
				288891E85BD702DA3A290A1E /* Pods_d07.framework */,
			);
			name = Frameworks;
			sourceTree = "<group>";
		};
		1C6282D9D075A2579D749E91 /* Pods */ = {
			isa = PBXGroup;
			children = (
				5BB87C8CE12620CB163DB1CE /* Pods-d07.debug.xcconfig */,
				3D436CF6F6A66E4E3A780E4D /* Pods-d07.release.xcconfig */,
			);
			name = Pods;
			sourceTree = "<group>";
		};
		D7CC5EBB1EFBCF7C0082CF37 = {
			isa = PBXGroup;
			children = (
				D7CC5EC61EFBCF7C0082CF37 /* d07 */,
				D7CC5EC51EFBCF7C0082CF37 /* Products */,
				1C6282D9D075A2579D749E91 /* Pods */,
				061BF69046C9C96F337E8312 /* Frameworks */,
			);
			sourceTree = "<group>";
		};
		D7CC5EC51EFBCF7C0082CF37 /* Products */ = {
			isa = PBXGroup;
			children = (
				D7CC5EC41EFBCF7C0082CF37 /* d07.app */,
			);
			name = Products;
			sourceTree = "<group>";
		};
		D7CC5EC61EFBCF7C0082CF37 /* d07 */ = {
			isa = PBXGroup;
			children = (
				D7CC5EC71EFBCF7C0082CF37 /* AppDelegate.swift */,
				D7CC5EC91EFBCF7C0082CF37 /* ViewController.swift */,
				D7CC5ECB1EFBCF7C0082CF37 /* Main.storyboard */,
				D794ACB61EFC0FA7007CCAA7 /* ChatViewController.swift */,
				D7CC5ECE1EFBCF7C0082CF37 /* Assets.xcassets */,
				D7CC5ED01EFBCF7C0082CF37 /* LaunchScreen.storyboard */,
				D7CC5ED31EFBCF7C0082CF37 /* Info.plist */,
			);
			path = d07;
			sourceTree = "<group>";
		};
/* End PBXGroup section */

/* Begin PBXNativeTarget section */
		D7CC5EC31EFBCF7C0082CF37 /* d07 */ = {
			isa = PBXNativeTarget;
			buildConfigurationList = D7CC5ED61EFBCF7C0082CF37 /* Build configuration list for PBXNativeTarget "d07" */;
			buildPhases = (
				6DBBF342D86FB01AD7A2DC6D /* [CP] Check Pods Manifest.lock */,
				D7CC5EC01EFBCF7C0082CF37 /* Sources */,
				D7CC5EC11EFBCF7C0082CF37 /* Frameworks */,
				D7CC5EC21EFBCF7C0082CF37 /* Resources */,
				A64D1E60C9C3D01A7989D90C /* [CP] Embed Pods Frameworks */,
				EB451059644E41503C0C5804 /* [CP] Copy Pods Resources */,
			);
			buildRules = (
			);
			dependencies = (
			);
			name = d07;
			productName = d07;
			productReference = D7CC5EC41EFBCF7C0082CF37 /* d07.app */;
			productType = "com.apple.product-type.application";
		};
/* End PBXNativeTarget section */

/* Begin PBXProject section */
		D7CC5EBC1EFBCF7C0082CF37 /* Project object */ = {
			isa = PBXProject;
			attributes = {
				LastSwiftUpdateCheck = 0820;
				LastUpgradeCheck = 0820;
				ORGANIZATIONNAME = "Anthony PUTZOLU";
				TargetAttributes = {
					D7CC5EC31EFBCF7C0082CF37 = {
						CreatedOnToolsVersion = 8.2.1;
						ProvisioningStyle = Automatic;
					};
				};
			};
			buildConfigurationList = D7CC5EBF1EFBCF7C0082CF37 /* Build configuration list for PBXProject "d07" */;
			compatibilityVersion = "Xcode 3.2";
			developmentRegion = English;
			hasScannedForEncodings = 0;
			knownRegions = (
				en,
				Base,
			);
			mainGroup = D7CC5EBB1EFBCF7C0082CF37;
			productRefGroup = D7CC5EC51EFBCF7C0082CF37 /* Products */;
			projectDirPath = "";
			projectRoot = "";
			targets = (
				D7CC5EC31EFBCF7C0082CF37 /* d07 */,
			);
		};
/* End PBXProject section */

/* Begin PBXResourcesBuildPhase section */
		D7CC5EC21EFBCF7C0082CF37 /* Resources */ = {
			isa = PBXResourcesBuildPhase;
			buildActionMask = 2147483647;
			files = (
				D7CC5ED21EFBCF7C0082CF37 /* LaunchScreen.storyboard in Resources */,
				D7CC5ECF1EFBCF7C0082CF37 /* Assets.xcassets in Resources */,
				D7CC5ECD1EFBCF7C0082CF37 /* Main.storyboard in Resources */,
			);
			runOnlyForDeploymentPostprocessing = 0;
		};
/* End PBXResourcesBuildPhase section */

/* Begin PBXShellScriptBuildPhase section */
		6DBBF342D86FB01AD7A2DC6D /* [CP] Check Pods Manifest.lock */ = {
			isa = PBXShellScriptBuildPhase;
			buildActionMask = 2147483647;
			files = (
			);
			inputPaths = (
			);
			name = "[CP] Check Pods Manifest.lock";
			outputPaths = (
			);
			runOnlyForDeploymentPostprocessing = 0;
			shellPath = /bin/sh;
			shellScript = "diff \"${PODS_PODFILE_DIR_PATH}/Podfile.lock\" \"${PODS_ROOT}/Manifest.lock\" > /dev/null\nif [ $? != 0 ] ; then\n    # print error to STDERR\n    echo \"error: The sandbox is not in sync with the Podfile.lock. Run 'pod install' or update your CocoaPods installation.\" >&2\n    exit 1\nfi\n";
			showEnvVarsInLog = 0;
		};
		A64D1E60C9C3D01A7989D90C /* [CP] Embed Pods Frameworks */ = {
			isa = PBXShellScriptBuildPhase;
			buildActionMask = 2147483647;
			files = (
			);
			inputPaths = (
			);
			name = "[CP] Embed Pods Frameworks";
			outputPaths = (
			);
			runOnlyForDeploymentPostprocessing = 0;
			shellPath = /bin/sh;
			shellScript = "\"${SRCROOT}/Pods/Target Support Files/Pods-d07/Pods-d07-frameworks.sh\"\n";
			showEnvVarsInLog = 0;
		};
		EB451059644E41503C0C5804 /* [CP] Copy Pods Resources */ = {
			isa = PBXShellScriptBuildPhase;
			buildActionMask = 2147483647;
			files = (
			);
			inputPaths = (
			);
			name = "[CP] Copy Pods Resources";
			outputPaths = (
			);
			runOnlyForDeploymentPostprocessing = 0;
			shellPath = /bin/sh;
			shellScript = "\"${SRCROOT}/Pods/Target Support Files/Pods-d07/Pods-d07-resources.sh\"\n";
			showEnvVarsInLog = 0;
		};
/* End PBXShellScriptBuildPhase section */

/* Begin PBXSourcesBuildPhase section */
		D7CC5EC01EFBCF7C0082CF37 /* Sources */ = {
			isa = PBXSourcesBuildPhase;
			buildActionMask = 2147483647;
			files = (
				D7CC5ECA1EFBCF7C0082CF37 /* ViewController.swift in Sources */,
				D794ACB71EFC0FA7007CCAA7 /* ChatViewController.swift in Sources */,
				D7CC5EC81EFBCF7C0082CF37 /* AppDelegate.swift in Sources */,
			);
			runOnlyForDeploymentPostprocessing = 0;
		};
/* End PBXSourcesBuildPhase section */

/* Begin PBXVariantGroup section */
		D7CC5ECB1EFBCF7C0082CF37 /* Main.storyboard */ = {
			isa = PBXVariantGroup;
			children = (
				D7CC5ECC1EFBCF7C0082CF37 /* Base */,
			);
			name = Main.storyboard;
			sourceTree = "<group>";
		};
		D7CC5ED01EFBCF7C0082CF37 /* LaunchScreen.storyboard */ = {
			isa = PBXVariantGroup;
			children = (
				D7CC5ED11EFBCF7C0082CF37 /* Base */,
			);
			name = LaunchScreen.storyboard;
			sourceTree = "<group>";
		};
/* End PBXVariantGroup section */

/* Begin XCBuildConfiguration section */
		D7CC5ED41EFBCF7C0082CF37 /* Debug */ = {
			isa = XCBuildConfiguration;
			buildSettings = {
				ALWAYS_SEARCH_USER_PATHS = NO;
				CLANG_ANALYZER_NONNULL = YES;
				CLANG_CXX_LANGUAGE_STANDARD = "gnu++0x";
				CLANG_CXX_LIBRARY = "libc++";
				CLANG_ENABLE_MODULES = YES;
				CLANG_ENABLE_OBJC_ARC = YES;
				CLANG_WARN_BOOL_CONVERSION = YES;
				CLANG_WARN_CONSTANT_CONVERSION = YES;
				CLANG_WARN_DIRECT_OBJC_ISA_USAGE = YES_ERROR;
				CLANG_WARN_DOCUMENTATION_COMMENTS = YES;
				CLANG_WARN_EMPTY_BODY = YES;
				CLANG_WARN_ENUM_CONVERSION = YES;
				CLANG_WARN_INFINITE_RECURSION = YES;
				CLANG_WARN_INT_CONVERSION = YES;
				CLANG_WARN_OBJC_ROOT_CLASS = YES_ERROR;
				CLANG_WARN_SUSPICIOUS_MOVE = YES;
				CLANG_WARN_UNREACHABLE_CODE = YES;
				CLANG_WARN__DUPLICATE_METHOD_MATCH = YES;
				"CODE_SIGN_IDENTITY[sdk=iphoneos*]" = "iPhone Developer";
				COPY_PHASE_STRIP = NO;
				DEBUG_INFORMATION_FORMAT = dwarf;
				ENABLE_STRICT_OBJC_MSGSEND = YES;
				ENABLE_TESTABILITY = YES;
				GCC_C_LANGUAGE_STANDARD = gnu99;
				GCC_DYNAMIC_NO_PIC = NO;
				GCC_NO_COMMON_BLOCKS = YES;
				GCC_OPTIMIZATION_LEVEL = 0;
				GCC_PREPROCESSOR_DEFINITIONS = (
					"DEBUG=1",
					"$(inherited)",
				);
				GCC_WARN_64_TO_32_BIT_CONVERSION = YES;
				GCC_WARN_ABOUT_RETURN_TYPE = YES_ERROR;
				GCC_WARN_UNDECLARED_SELECTOR = YES;
				GCC_WARN_UNINITIALIZED_AUTOS = YES_AGGRESSIVE;
				GCC_WARN_UNUSED_FUNCTION = YES;
				GCC_WARN_UNUSED_VARIABLE = YES;
				IPHONEOS_DEPLOYMENT_TARGET = 10.2;
				MTL_ENABLE_DEBUG_INFO = YES;
				ONLY_ACTIVE_ARCH = YES;
				SDKROOT = iphoneos;
				SWIFT_ACTIVE_COMPILATION_CONDITIONS = DEBUG;
				SWIFT_OPTIMIZATION_LEVEL = "-Onone";
				TARGETED_DEVICE_FAMILY = "1,2";
			};
			name = Debug;
		};
		D7CC5ED51EFBCF7C0082CF37 /* Release */ = {
			isa = XCBuildConfiguration;
			buildSettings = {
				ALWAYS_SEARCH_USER_PATHS = NO;
				CLANG_ANALYZER_NONNULL = YES;
				CLANG_CXX_LANGUAGE_STANDARD = "gnu++0x";
				CLANG_CXX_LIBRARY = "libc++";
				CLANG_ENABLE_MODULES = YES;
				CLANG_ENABLE_OBJC_ARC = YES;
				CLANG_WARN_BOOL_CONVERSION = YES;
				CLANG_WARN_CONSTANT_CONVERSION = YES;
				CLANG_WARN_DIRECT_OBJC_ISA_USAGE = YES_ERROR;
				CLANG_WARN_DOCUMENTATION_COMMENTS = YES;
				CLANG_WARN_EMPTY_BODY = YES;
				CLANG_WARN_ENUM_CONVERSION = YES;
				CLANG_WARN_INFINITE_RECURSION = YES;
				CLANG_WARN_INT_CONVERSION = YES;
				CLANG_WARN_OBJC_ROOT_CLASS = YES_ERROR;
				CLANG_WARN_SUSPICIOUS_MOVE = YES;
				CLANG_WARN_UNREACHABLE_CODE = YES;
				CLANG_WARN__DUPLICATE_METHOD_MATCH = YES;
				"CODE_SIGN_IDENTITY[sdk=iphoneos*]" = "iPhone Developer";
				COPY_PHASE_STRIP = NO;
				DEBUG_INFORMATION_FORMAT = "dwarf-with-dsym";
				ENABLE_NS_ASSERTIONS = NO;
				ENABLE_STRICT_OBJC_MSGSEND = YES;
				GCC_C_LANGUAGE_STANDARD = gnu99;
				GCC_NO_COMMON_BLOCKS = YES;
				GCC_WARN_64_TO_32_BIT_CONVERSION = YES;
				GCC_WARN_ABOUT_RETURN_TYPE = YES_ERROR;
				GCC_WARN_UNDECLARED_SELECTOR = YES;
				GCC_WARN_UNINITIALIZED_AUTOS = YES_AGGRESSIVE;
				GCC_WARN_UNUSED_FUNCTION = YES;
				GCC_WARN_UNUSED_VARIABLE = YES;
				IPHONEOS_DEPLOYMENT_TARGET = 10.2;
				MTL_ENABLE_DEBUG_INFO = NO;
				SDKROOT = iphoneos;
				SWIFT_OPTIMIZATION_LEVEL = "-Owholemodule";
				TARGETED_DEVICE_FAMILY = "1,2";
				VALIDATE_PRODUCT = YES;
			};
			name = Release;
		};
		D7CC5ED71EFBCF7C0082CF37 /* Debug */ = {
			isa = XCBuildConfiguration;
			baseConfigurationReference = 5BB87C8CE12620CB163DB1CE /* Pods-d07.debug.xcconfig */;
			buildSettings = {
				ASSETCATALOG_COMPILER_APPICON_NAME = AppIcon;
				INFOPLIST_FILE = d07/Info.plist;
				LD_RUNPATH_SEARCH_PATHS = "$(inherited) @executable_path/Frameworks";
				PRODUCT_BUNDLE_IDENTIFIER = "Anthony-PUTZOLU.d07";
				PRODUCT_NAME = "$(TARGET_NAME)";
				SWIFT_VERSION = 3.0;
			};
			name = Debug;
		};
		D7CC5ED81EFBCF7C0082CF37 /* Release */ = {
			isa = XCBuildConfiguration;
			baseConfigurationReference = 3D436CF6F6A66E4E3A780E4D /* Pods-d07.release.xcconfig */;
			buildSettings = {
				ASSETCATALOG_COMPILER_APPICON_NAME = AppIcon;
				INFOPLIST_FILE = d07/Info.plist;
				LD_RUNPATH_SEARCH_PATHS = "$(inherited) @executable_path/Frameworks";
				PRODUCT_BUNDLE_IDENTIFIER = "Anthony-PUTZOLU.d07";
				PRODUCT_NAME = "$(TARGET_NAME)";
				SWIFT_VERSION = 3.0;
			};
			name = Release;
		};
/* End XCBuildConfiguration section */

/* Begin XCConfigurationList section */
		D7CC5EBF1EFBCF7C0082CF37 /* Build configuration list for PBXProject "d07" */ = {
			isa = XCConfigurationList;
			buildConfigurations = (
				D7CC5ED41EFBCF7C0082CF37 /* Debug */,
				D7CC5ED51EFBCF7C0082CF37 /* Release */,
			);
			defaultConfigurationIsVisible = 0;
			defaultConfigurationName = Release;
		};
		D7CC5ED61EFBCF7C0082CF37 /* Build configuration list for PBXNativeTarget "d07" */ = {
			isa = XCConfigurationList;
			buildConfigurations = (
				D7CC5ED71EFBCF7C0082CF37 /* Debug */,
				D7CC5ED81EFBCF7C0082CF37 /* Release */,
			);
			defaultConfigurationIsVisible = 0;
			defaultConfigurationName = Release;
		};
/* End XCConfigurationList section */
	};
	rootObject = D7CC5EBC1EFBCF7C0082CF37 /* Project object */;
}
